version = 1
revision = 3
requires-python = ">=3.12"

[[package]]
name = "colorama"
version = "0.4.6"
source = { registry = "http://localhost:3141/simple" }
sdist = { url = "http://localhost:3141/root/pypi/+f/086/95f5cb7ed6e05/colorama-0.4.6.tar.gz", hash = "sha256:08695f5cb7ed6e0531a20572697297273c47b8cae5a63ffc6d6ed5c201be6e44" }
wheels = [
    { url = "http://localhost:3141/root/pypi/+f/4f1/d9991f5acc0ca/colorama-0.4.6-py2.py3-none-any.whl", hash = "sha256:4f1d9991f5acc0ca119f9d443620b77f9d6b33703e51011c16baf57afb285fc6" },
]

[[package]]
name = "iniconfig"
version = "2.3.0"
source = { registry = "http://localhost:3141/simple" }
sdist = { url = "http://localhost:3141/root/pypi/+f/c76/315c77db06865/iniconfig-2.3.0.tar.gz", hash = "sha256:c76315c77db068650d49c5b56314774a7804df16fee4402c1f19d6d15d8c4730" }
wheels = [
    { url = "http://localhost:3141/root/pypi/+f/f63/1c04d2c48c52b/iniconfig-2.3.0-py3-none-any.whl", hash = "sha256:f631c04d2c48c52b84d0d0549c99ff3859c98df65b3101406327ecc7d53fbf12" },
]

[[package]]
name = "leotower"
version = "0.1.0"
source = { editable = "." }

[package.dev-dependencies]
dev = [
    { name = "maturin" },
    { name = "pytest" },
]

[package.metadata]

[package.metadata.requires-dev]
dev = [
    { name = "maturin", specifier = ">=1.7,<2" },
    { name = "pytest", specifier = ">=8" },
]

[[package]]
name = "maturin"
version = "1.14.1"
source = { registry = "http://localhost:3141/simple" }
sdist = { url = "http://localhost:3141/root/pypi/+f/9d6/577a62cd08e0c/maturin-1.14.1.tar.gz", hash = "sha256:9d6577a62cd08e0ceba7a0db06fb098e0c9b1b3429bad747a4f3a18215a1b3df" }
wheels = [
    { url = "http://localhost:3141/root/pypi/+f/522/292398945442c/maturin-1.14.1-py3-none-linux_armv6l.whl", hash = "sha256:522292398945442cdafa9daeb2271b2340fbde57027b818f923f88eab04174f8" },
    { url = "http://localhost:3141/root/pypi/+f/ffe/5ad71f21d1e66/maturin-1.14.1-py3-none-macosx_10_12_x86_64.macosx_11_0_arm64.macosx_10_12_universal2.whl", hash = "sha256:ffe5ad71f21d1e6603c4dd75f7fee34adf5ed5ebcebb692886549888ebb329ed" },
    { url = "http://localhost:3141/root/pypi/+f/f33/06078070c1508/maturin-1.14.1-py3-none-macosx_10_12_x86_64.whl", hash = "sha256:f3306078070c1508fd715b9116070cbcaff5959024272a9f1e6f5cb29768b86c" },
    { url = "http://localhost:3141/root/pypi/+f/cd4/57cd88961156e/maturin-1.14.1-py3-none-manylinux_2_12_i686.manylinux2010_i686.musllinux_1_1_i686.whl", hash = "sha256:cd457cd88961156e26379e1155bd287cc0ec1c8b2f1582b0660fb31b87c8842d" },
    { url = "http://localhost:3141/root/pypi/+f/dfc/54ae32e6fcb18/maturin-1.14.1-py3-none-manylinux_2_12_x86_64.manylinux2010_x86_64.musllinux_1_1_x86_64.whl", hash = "sha256:dfc54ae32e6fcb18302193ab9a30b0b25eefffba994ae13238974805533ef75e" },
    { url = "http://localhost:3141/root/pypi/+f/a13/1d912b5267e64/maturin-1.14.1-py3-none-manylinux_2_17_aarch64.manylinux2014_aarch64.musllinux_1_1_aarch64.whl", hash = "sha256:a131d912b5267e640bc96d70f4914e10590aed64082ec9abacba7cea52004224" },
    { url = "http://localhost:3141/root/pypi/+f/be1/8fc568fb76884/maturin-1.14.1-py3-none-manylinux_2_17_armv7l.manylinux2014_armv7l.musllinux_1_1_armv7l.whl", hash = "sha256:be18fc568fb76884c0205456336892a75105ec398e6b667cd777c6268bd06d69" },
    { url = "http://localhost:3141/root/pypi/+f/994/a0c8ba3ad8a92/maturin-1.14.1-py3-none-manylinux_2_17_ppc64le.manylinux2014_ppc64le.musllinux_1_1_ppc64le.whl", hash = "sha256:994a0c8ba3ad8a92b3a9ee1b02645d200d610216b15cff5102b0fe65e8e08666" },
    { url = "http://localhost:3141/root/pypi/+f/be8/0866363e605d1/maturin-1.14.1-py3-none-manylinux_2_17_s390x.manylinux2014_s390x.whl", hash = "sha256:be80866363e605d137991b491a741a84cde9ae350183c4c85f49690ca9aaaa65" },
    { url = "http://localhost:3141/root/pypi/+f/528/2dffd4b539d2b/maturin-1.14.1-py3-none-manylinux_2_31_riscv64.musllinux_1_1_riscv64.whl", hash = "sha256:5282dffd4b539d2be245f4e5b1a5ab6bc1033b58f4a4872f5833f9d43c954aa4" },
    { url = "http://localhost:3141/root/pypi/+f/1a0/4de0a20188f95/maturin-1.14.1-py3-none-win32.whl", hash = "sha256:1a04de0a20188f95c721b5702eed18140bdcccb28c386797093eca3f62f4d4e0" },
    { url = "http://localhost:3141/root/pypi/+f/3c9/f94640ecc4895/maturin-1.14.1-py3-none-win_amd64.whl", hash = "sha256:3c9f94640ecc4895e94abaf834a0684430032c865b2748a36c12461fd9252fdd" },
    { url = "http://localhost:3141/root/pypi/+f/15c/ea8fcb3ba47dd/maturin-1.14.1-py3-none-win_arm64.whl", hash = "sha256:15cea8fcb3ba47dd636f50092bb34baea8b04ac777392f23e6bf8a9a61efb894" },
]

[[package]]
name = "packaging"
version = "26.3"
source = { registry = "http://localhost:3141/simple" }
sdist = { url = "http://localhost:3141/root/pypi/+f/94e/dc256424af387/packaging-26.3.tar.gz", hash = "sha256:94edc256424af38762eb31306eed28beb9f0efc50a8837492c9d6fd6004aed79" }
wheels = [
    { url = "http://localhost:3141/root/pypi/+f/d71/93f7c8e4e93f4/packaging-26.3-py3-none-any.whl", hash = "sha256:d7193f7c8e4e93f444fde0262bf90af30e16fa0ad0ad44cb553c87339b23cd1c" },
]

[[package]]
name = "pluggy"
version = "1.6.0"
source = { registry = "http://localhost:3141/simple" }
sdist = { url = "http://localhost:3141/root/pypi/+f/7dc/c130b76258d33/pluggy-1.6.0.tar.gz", hash = "sha256:7dcc130b76258d33b90f61b658791dede3486c3e6bfb003ee5c9bfb396dd22f3" }
wheels = [
    { url = "http://localhost:3141/root/pypi/+f/e92/0276dd6813095/pluggy-1.6.0-py3-none-any.whl", hash = "sha256:e920276dd6813095e9377c0bc5566d94c932c33b27a3e3945d8389c374dd4746" },
]

[[package]]
name = "pygments"
version = "2.20.0"
source = { registry = "http://localhost:3141/simple" }
sdist = { url = "http://localhost:3141/root/pypi/+f/675/7cd03768053ff/pygments-2.20.0.tar.gz", hash = "sha256:6757cd03768053ff99f3039c1a36d6c0aa0b263438fcab17520b30a303a82b5f" }
wheels = [
    { url = "http://localhost:3141/root/pypi/+f/81a/9e26dd42fd28a/pygments-2.20.0-py3-none-any.whl", hash = "sha256:81a9e26dd42fd28a23a2d169d86d7ac03b46e2f8b59ed4698fb4785f946d0176" },
]

[[package]]
name = "pytest"
version = "9.1.1"
source = { registry = "http://localhost:3141/simple" }
dependencies = [
    { name = "colorama", marker = "sys_platform == 'win32'" },
    { name = "iniconfig" },
    { name = "packaging" },
    { name = "pluggy" },
    { name = "pygments" },
]
sdist = { url = "http://localhost:3141/root/pypi/+f/108/8fbde8f2b49d9/pytest-9.1.1.tar.gz", hash = "sha256:1088fbde8f2b49d95a549a195707afa7a76a3ce9bcadc26b6d71f0ffda5fe313" }
wheels = [
    { url = "http://localhost:3141/root/pypi/+f/37a/86b45efb9a47a/pytest-9.1.1-py3-none-any.whl", hash = "sha256:37a86b45efb9a47a61a36449063e8e18d0cab3161329fc099eb21783169c4f0c" },
]
